{
  "lockfileVersion": 1,
  "configVersion": 1,
  "workspaces": {
    "": {
      "dependencies": {
        "actions-up": "^1.14.1",
      },
      "devDependencies": {
        "@types/node": "^25.6.0",
        "oxfmt": "^0.28.0",
        "oxlint": "^1.61.0",
        "simple-git-hooks": "^2.13.1",
        "typescript": "^6.0.3",
      },
    },
  },
  "packages": {
    "@oxfmt/darwin-arm64": ["@oxfmt/darwin-arm64@0.28.0", "", { "os": "darwin", "cpu": "arm64" }, "sha512-jmUfF7cNJPw57bEK7sMIqrYRgn4LH428tSgtgLTCtjuGuu1ShREyrkeB7y8HtkXRfhBs4lVY+HMLhqElJvZ6ww=="],

    "@oxfmt/darwin-x64": ["@oxfmt/darwin-x64@0.28.0", "", { "os": "darwin", "cpu": "x64" }, "sha512-S6vlV8S7jbjzJOSjfVg2CimUC0r7/aHDLdUm/3+/B/SU/s1jV7ivqWkMv1/8EB43d1BBwT9JQ60ZMTkBqeXSFA=="],

    "@oxfmt/linux-arm64-gnu": ["@oxfmt/linux-arm64-gnu@0.28.0", "", { "os": "linux", "cpu": "arm64" }, "sha512-TfJkMZjePbLiskmxFXVAbGI/OZtD+y+fwS0wyW8O6DWG0ARTf0AipY9zGwGoOdpFuXOJceXvN4SHGLbYNDMY4Q=="],

    "@oxfmt/linux-arm64-musl": ["@oxfmt/linux-arm64-musl@0.28.0", "", { "os": "linux", "cpu": "arm64" }, "sha512-7fyQUdW203v4WWGr1T3jwTz4L7KX9y5DeATryQ6fLT6QQp9GEuct8/k0lYhd+ys42iTV/IkJF20e3YkfSOOILg=="],

    "@oxfmt/linux-x64-gnu": ["@oxfmt/linux-x64-gnu@0.28.0", "", { "os": "linux", "cpu": "x64" }, "sha512-sRKqAvEonuz0qr1X1ncUZceOBJerKzkO2gZIZmosvy/JmqyffpIFL3OE2tqacFkeDhrC+dNYQpusO8zsfHo3pw=="],

    "@oxfmt/linux-x64-musl": ["@oxfmt/linux-x64-musl@0.28.0", "", { "os": "linux", "cpu": "x64" }, "sha512-fW6czbXutX/tdQe8j4nSIgkUox9RXqjyxwyWXUDItpoDkoXllq17qbD7GVc0whrEhYQC6hFE1UEAcDypLJoSzw=="],

    "@oxfmt/win32-arm64": ["@oxfmt/win32-arm64@0.28.0", "", { "os": "win32", "cpu": "arm64" }, "sha512-D/HDeQBAQRjTbD9OLV6kRDcStrIfO+JsUODDCdGmhRfNX8LPCx95GpfyybpZfn3wVF8Jq/yjPXV1xLkQ+s7RcA=="],

    "@oxfmt/win32-x64": ["@oxfmt/win32-x64@0.28.0", "", { "os": "win32", "cpu": "x64" }, "sha512-4+S2j4OxOIyo8dz5osm5dZuL0yVmxXvtmNdHB5xyGwAWVvyWNvf7tCaQD7w2fdSsAXQLOvK7KFQrHFe33nJUCA=="],

    "@oxlint/binding-android-arm-eabi": ["@oxlint/binding-android-arm-eabi@1.61.0", "", { "os": "android", "cpu": "arm" }, "sha512-6eZBPgiigK5txqoVgRqxbaxiom4lM8AP8CyKPPvpzKnQ3iFRFOIDc+0AapF+qsUSwjOzr5SGk4SxQDpQhkSJMQ=="],

    "@oxlint/binding-android-arm64": ["@oxlint/binding-android-arm64@1.61.0", "", { "os": "android", "cpu": "arm64" }, "sha512-CkwLR69MUnyv5wjzebvbbtTSUwqLxM35CXE79bHqDIK+NtKmPEUpStTcLQRZMCo4MP0qRT6TXIQVpK0ZVScnMA=="],

    "@oxlint/binding-darwin-arm64": ["@oxlint/binding-darwin-arm64@1.61.0", "", { "os": "darwin", "cpu": "arm64" }, "sha512-8JbefTkbmvqkqWjmQrHke+MdpgT2UghhD/ktM4FOQSpGeCgbMToJEKdl9zwhr/YWTl92i4QI1KiTwVExpcUN8A=="],

    "@oxlint/binding-darwin-x64": ["@oxlint/binding-darwin-x64@1.61.0", "", { "os": "darwin", "cpu": "x64" }, "sha512-uWpoxDT47hTnDLcdEh5jVbso8rlTTu5o0zuqa9J8E0JAKmIWn7kGFEIB03Pycn2hd2vKxybPGLhjURy/9We5FQ=="],

    "@oxlint/binding-freebsd-x64": ["@oxlint/binding-freebsd-x64@1.61.0", "", { "os": "freebsd", "cpu": "x64" }, "sha512-K/o4hEyW7flfMel0iBVznmMBt7VIMHGdjADocHKpK1DUF9erpWnJ+BSSWd2W0c8K3mPtpph+CuHzRU6CI3l9jQ=="],

    "@oxlint/binding-linux-arm-gnueabihf": ["@oxlint/binding-linux-arm-gnueabihf@1.61.0", "", { "os": "linux", "cpu": "arm" }, "sha512-P6040ZkcyweJ0Po9yEFqJCdvZnf3VNCGs1SIHgXDf8AAQNC6ID/heXQs9iSgo2FH7gKaKq32VWc59XZwL34C5Q=="],

    "@oxlint/binding-linux-arm-musleabihf": ["@oxlint/binding-linux-arm-musleabihf@1.61.0", "", { "os": "linux", "cpu": "arm" }, "sha512-bwxrGCzTZkuB+THv2TQ1aTkVEfv5oz8sl+0XZZCpoYzErJD8OhPQOTA0ENPd1zJz8QsVdSzSrS2umKtPq4/JXg=="],

    "@oxlint/binding-linux-arm64-gnu": ["@oxlint/binding-linux-arm64-gnu@1.61.0", "", { "os": "linux", "cpu": "arm64" }, "sha512-vkhb9/wKguMkLlrm3FoJW/Xmdv31GgYAE+x8lxxQ+7HeOxXUySI0q36a3NTVIuQUdLzxCI1zzMGsk1o37FOe3w=="],

    "@oxlint/binding-linux-arm64-musl": ["@oxlint/binding-linux-arm64-musl@1.61.0", "", { "os": "linux", "cpu": "arm64" }, "sha512-bl1dQh8LnVqsj6oOQAcxwbuOmNJkwc4p6o//HTBZhNTzJy21TLDwAviMqUFNUxDHkPGpmdKTSN4tWTjLryP8xg=="],

    "@oxlint/binding-linux-ppc64-gnu": ["@oxlint/binding-linux-ppc64-gnu@1.61.0", "", { "os": "linux", "cpu": "ppc64" }, "sha512-QoOX6KB2IiEpyOj/HKqaxi+NQHPnOgNgnr22n9N4ANJCzXkUlj1UmeAbFb4PpqdlHIzvGDM5xZ0OKtcLq9RhiQ=="],

    "@oxlint/binding-linux-riscv64-gnu": ["@oxlint/binding-linux-riscv64-gnu@1.61.0", "", { "os": "linux", "cpu": "none" }, "sha512-1TGcTerjY6p152wCof3oKElccq3xHljS/Mucp04gV/4ATpP6nO7YNnp7opEg6SHkv2a57/b4b8Ndm9znJ1/qAw=="],

    "@oxlint/binding-linux-riscv64-musl": ["@oxlint/binding-linux-riscv64-musl@1.61.0", "", { "os": "linux", "cpu": "none" }, "sha512-65wXEmZIrX2ADwC8i/qFL4EWLSbeuBpAm3suuX1vu4IQkKd+wLT/HU/BOl84kp91u2SxPkPDyQgu4yrqp8vwVA=="],

    "@oxlint/binding-linux-s390x-gnu": ["@oxlint/binding-linux-s390x-gnu@1.61.0", "", { "os": "linux", "cpu": "s390x" }, "sha512-TVvhgMvor7Qa6COeXxCJ7ENOM+lcAOGsQ0iUdPSCv2hxb9qSHLQ4XF1h50S6RE1gBOJ0WV3rNukg4JJJP1LWRA=="],

    "@oxlint/binding-linux-x64-gnu": ["@oxlint/binding-linux-x64-gnu@1.61.0", "", { "os": "linux", "cpu": "x64" }, "sha512-SjpS5uYuFoDnDdZPwZE59ndF95AsY47R5MliuneTWR1pDm2CxGJaYXbKULI71t5TVfLQUWmrHEGRL9xvuq6dnA=="],

    "@oxlint/binding-linux-x64-musl": ["@oxlint/binding-linux-x64-musl@1.61.0", "", { "os": "linux", "cpu": "x64" }, "sha512-gGfAeGD4sNJGILZbc/yKcIimO9wQnPMoYp9swAaKeEtwsSQAbU+rsdQze5SBtIP6j0QDzeYd4XSSUCRCF+LIeQ=="],

    "@oxlint/binding-openharmony-arm64": ["@oxlint/binding-openharmony-arm64@1.61.0", "", { "os": "none", "cpu": "arm64" }, "sha512-OlVT0LrG/ct33EVtWRyR+B/othwmDWeRxfi13wUdPeb3lAT5TgTcFDcfLfarZtzB4W1nWF/zICMgYdkggX2WmQ=="],

    "@oxlint/binding-win32-arm64-msvc": ["@oxlint/binding-win32-arm64-msvc@1.61.0", "", { "os": "win32", "cpu": "arm64" }, "sha512-vI//NZPJk6DToiovPtaiwD4iQ7kO1r5ReWQD0sOOyKRtP3E2f6jxin4uvwi3OvDzHA2EFfd7DcZl5dtkQh7g1w=="],

    "@oxlint/binding-win32-ia32-msvc": ["@oxlint/binding-win32-ia32-msvc@1.61.0", "", { "os": "win32", "cpu": "ia32" }, "sha512-0ySj4/4zd2XjePs3XAQq7IigIstN4LPQZgCyigX5/ERMLjdWAJfnxcTsrtxZxuij8guJW8foXuHmhGxW0H4dDA=="],

    "@oxlint/binding-win32-x64-msvc": ["@oxlint/binding-win32-x64-msvc@1.61.0", "", { "os": "win32", "cpu": "x64" }, "sha512-0xgSiyeqDLDZxXoe9CVJrOx3TUVsfyoOY7cNi03JbItNcC9WCZqrSNdrAbHONxhSPaVh/lzfnDcON1RqSUMhHw=="],

    "@types/node": ["@types/node@25.6.0", "", { "dependencies": { "undici-types": "~7.19.0" } }, "sha512-+qIYRKdNYJwY3vRCZMdJbPLJAtGjQBudzZzdzwQYkEPQd+PJGixUL5QfvCLDaULoLv+RhT3LDkwEfKaAkgSmNQ=="],

    "actions-up": ["actions-up@1.14.1", "", { "dependencies": { "cac": "^7.0.0", "enquirer": "^2.4.1", "nanospinner": "^1.2.2", "picocolors": "^1.1.1", "semver": "^7.7.4", "yaml": "^2.8.3" }, "bin": { "actions-up": "bin/actions-up.js" } }, "sha512-x/AfoJqpumNNEfFLLnzOZ/OxOuiiaEI8xDmNSEwCLJUZFkRZGHkS8OU91WztUh3jp50gvIN74PJDMEJZI4i4xQ=="],

    "ansi-colors": ["ansi-colors@4.1.3", "", {}, "sha512-/6w/C21Pm1A7aZitlI5Ni/2J6FFQN8i1Cvz3kHABAAbw93v/NlvKdVOqz7CCWz/3iv/JplRSEEZ83XION15ovw=="],

    "ansi-regex": ["ansi-regex@5.0.1", "", {}, "sha512-quJQXlTSUGL2LH9SUXo8VwsY4soanhgo6LNSm84E1LBcE8s3O0wpdiRzyR9z/ZZJMlMWv37qOOb9pdJlMUEKFQ=="],

    "cac": ["cac@7.0.0", "", {}, "sha512-tixWYgm5ZoOD+3g6UTea91eow5z6AAHaho3g0V9CNSNb45gM8SmflpAc+GRd1InC4AqN/07Unrgp56Y94N9hJQ=="],

    "enquirer": ["enquirer@2.4.1", "", { "dependencies": { "ansi-colors": "^4.1.1", "strip-ansi": "^6.0.1" } }, "sha512-rRqJg/6gd538VHvR3PSrdRBb/1Vy2YfzHqzvbhGIQpDRKIa4FgV/54b5Q1xYSxOOwKvjXweS26E0Q+nAMwp2pQ=="],

    "nanospinner": ["nanospinner@1.2.2", "", { "dependencies": { "picocolors": "^1.1.1" } }, "sha512-Zt/AmG6qRU3e+WnzGGLuMCEAO/dAu45stNbHY223tUxldaDAeE+FxSPsd9Q+j+paejmm0ZbrNVs5Sraqy3dRxA=="],

    "oxfmt": ["oxfmt@0.28.0", "", { "dependencies": { "tinypool": "2.1.0" }, "optionalDependencies": { "@oxfmt/darwin-arm64": "0.28.0", "@oxfmt/darwin-x64": "0.28.0", "@oxfmt/linux-arm64-gnu": "0.28.0", "@oxfmt/linux-arm64-musl": "0.28.0", "@oxfmt/linux-x64-gnu": "0.28.0", "@oxfmt/linux-x64-musl": "0.28.0", "@oxfmt/win32-arm64": "0.28.0", "@oxfmt/win32-x64": "0.28.0" }, "bin": { "oxfmt": "bin/oxfmt" } }, "sha512-3+hhBqPE6Kp22KfJmnstrZbl+KdOVSEu1V0ABaFIg1rYLtrMgrupx9znnHgHLqKxAVHebjTdiCJDk30CXOt6cw=="],

    "oxlint": ["oxlint@1.61.0", "", { "optionalDependencies": { "@oxlint/binding-android-arm-eabi": "1.61.0", "@oxlint/binding-android-arm64": "1.61.0", "@oxlint/binding-darwin-arm64": "1.61.0", "@oxlint/binding-darwin-x64": "1.61.0", "@oxlint/binding-freebsd-x64": "1.61.0", "@oxlint/binding-linux-arm-gnueabihf": "1.61.0", "@oxlint/binding-linux-arm-musleabihf": "1.61.0", "@oxlint/binding-linux-arm64-gnu": "1.61.0", "@oxlint/binding-linux-arm64-musl": "1.61.0", "@oxlint/binding-linux-ppc64-gnu": "1.61.0", "@oxlint/binding-linux-riscv64-gnu": "1.61.0", "@oxlint/binding-linux-riscv64-musl": "1.61.0", "@oxlint/binding-linux-s390x-gnu": "1.61.0", "@oxlint/binding-linux-x64-gnu": "1.61.0", "@oxlint/binding-linux-x64-musl": "1.61.0", "@oxlint/binding-openharmony-arm64": "1.61.0", "@oxlint/binding-win32-arm64-msvc": "1.61.0", "@oxlint/binding-win32-ia32-msvc": "1.61.0", "@oxlint/binding-win32-x64-msvc": "1.61.0" }, "peerDependencies": { "oxlint-tsgolint": ">=0.18.0" }, "optionalPeers": ["oxlint-tsgolint"], "bin": { "oxlint": "bin/oxlint" } }, "sha512-ZC0ALuhDZ6ivOFG+sy0D0pEDN49EvsId98zVlmYdkcXHsEM14m/qTNUEsUpiFiCVbpIxYtVBmmLE87nsbUHohQ=="],

    "picocolors": ["picocolors@1.1.1", "", {}, "sha512-xceH2snhtb5M9liqDsmEw56le376mTZkEX/jEb/RxNFyegNul7eNslCXP9FDj/Lcu0X8KEyMceP2ntpaHrDEVA=="],

    "semver": ["semver@7.7.4", "", { "bin": { "semver": "bin/semver.js" } }, "sha512-vFKC2IEtQnVhpT78h1Yp8wzwrf8CM+MzKMHGJZfBtzhZNycRFnXsHk6E5TxIkkMsgNS7mdX3AGB7x2QM2di4lA=="],

    "simple-git-hooks": ["simple-git-hooks@2.13.1", "", { "bin": { "simple-git-hooks": "cli.js" } }, "sha512-WszCLXwT4h2k1ufIXAgsbiTOazqqevFCIncOuUBZJ91DdvWcC5+OFkluWRQPrcuSYd8fjq+o2y1QfWqYMoAToQ=="],

    "strip-ansi": ["strip-ansi@6.0.1", "", { "dependencies": { "ansi-regex": "^5.0.1" } }, "sha512-Y38VPSHcqkFrCpFnQ9vuSXmquuv5oXOKpGeT6aGrr3o3Gc9AlVa6JBfUSOCnbxGGZF+/0ooI7KrPuUSztUdU5A=="],

    "tinypool": ["tinypool@2.1.0", "", {}, "sha512-Pugqs6M0m7Lv1I7FtxN4aoyToKg1C4tu+/381vH35y8oENM/Ai7f7C4StcoK4/+BSw9ebcS8jRiVrORFKCALLw=="],

    "typescript": ["typescript@6.0.3", "", { "bin": { "tsc": "bin/tsc", "tsserver": "bin/tsserver" } }, "sha512-y2TvuxSZPDyQakkFRPZHKFm+KKVqIisdg9/CZwm9ftvKXLP8NRWj38/ODjNbr43SsoXqNuAisEf1GdCxqWcdBw=="],

    "undici-types": ["undici-types@7.19.2", "", {}, "sha512-qYVnV5OEm2AW8cJMCpdV20CDyaN3g0AjDlOGf1OW4iaDEx8MwdtChUp4zu4H0VP3nDRF/8RKWH+IPp9uW0YGZg=="],

    "yaml": ["yaml@2.8.3", "", { "bin": { "yaml": "bin.mjs" } }, "sha512-AvbaCLOO2Otw/lW5bmh9d/WEdcDFdQp2Z2ZUH3pX9U2ihyUY0nvLv7J6TrWowklRGPYbB/IuIMfYgxaCPg5Bpg=="],
  }
}
